lockfileVersion: '6.0'

settings:
  autoInstallPeers: true
  excludeLinksFromLockfile: false

devDependencies:
  tree-sitter-cli:
    specifier: ^0.20.8
    version: 0.20.8

packages:

  /tree-sitter-cli@0.20.8:
    resolution: {integrity: sha512-XjTcS3wdTy/2cc/ptMLc/WRyOLECRYcMTrSWyhZnj1oGSOWbHLTklgsgRICU3cPfb0vy+oZCC33M43u6R1HSCA==}
    hasBin: true
    requiresBuild: true
    dev: true
